
Microsoft Visual Studio Solution File, Format Version 12.00
# Visual Studio Version 16
VisualStudioVersion = 16.0.30114.105
MinimumVisualStudioVersion = 10.0.40219.1
Project("{FAE04EC0-301F-11D3-BF4B-00C04F79EFBC}") = "DocumentValidation", "DocumentValidation\DocumentValidation.csproj", "{60554A56-5F63-41F7-81AF-286B22BE8F43}"
EndProject
Project("{FAE04EC0-301F-11D3-BF4B-00C04F79EFBC}") = "DocumentValidation.Tests", "DocumentValidation.Tests\DocumentValidation.Tests.csproj", "{A308BCDE-32F6-40E8-AB77-CFD180E76E51}"
EndProject
Global
	GlobalSection(SolutionConfigurationPlatforms) = preSolution
		Debug|Any CPU = Debug|Any CPU
		Release|Any CPU = Release|Any CPU
	EndGlobalSection
	GlobalSection(SolutionProperties) = preSolution
		HideSolutionNode = FALSE
	EndGlobalSection
	GlobalSection(ProjectConfigurationPlatforms) = postSolution
		{60554A56-5F63-41F7-81AF-286B22BE8F43}.Debug|Any CPU.ActiveCfg = Debug|Any CPU
		{60554A56-5F63-41F7-81AF-286B22BE8F43}.Debug|Any CPU.Build.0 = Debug|Any CPU
		{60554A56-5F63-41F7-81AF-286B22BE8F43}.Release|Any CPU.ActiveCfg = Release|Any CPU
		{60554A56-5F63-41F7-81AF-286B22BE8F43}.Release|Any CPU.Build.0 = Release|Any CPU
		{A308BCDE-32F6-40E8-AB77-CFD180E76E51}.Debug|Any CPU.ActiveCfg = Debug|Any CPU
		{A308BCDE-32F6-40E8-AB77-CFD180E76E51}.Debug|Any CPU.Build.0 = Debug|Any CPU
		{A308BCDE-32F6-40E8-AB77-CFD180E76E51}.Release|Any CPU.ActiveCfg = Release|Any CPU
		{A308BCDE-32F6-40E8-AB77-CFD180E76E51}.Release|Any CPU.Build.0 = Release|Any CPU
	EndGlobalSection
EndGlobal
